
Microsoft Visual Studio Solution File, Format Version 12.00
# Visual Studio Version 17
VisualStudioVersion = 17.6.33723.286
MinimumVisualStudioVersion = 10.0.40219.1
Project("{FAE04EC0-301F-11D3-BF4B-00C04F79EFBC}") = "TwoNums", "TwoNums.csproj", "{EB9030A5-4043-4301-985F-19B0B10DDED9}"
EndProject
Global
	GlobalSection(SolutionConfigurationPlatforms) = preSolution
		Debug|Any CPU = Debug|Any CPU
		Release|Any CPU = Release|Any CPU
	EndGlobalSection
	GlobalSection(ProjectConfigurationPlatforms) = postSolution
		{EB9030A5-4043-4301-985F-19B0B10DDED9}.Debug|Any CPU.ActiveCfg = Debug|Any CPU
		{EB9030A5-4043-4301-985F-19B0B10DDED9}.Debug|Any CPU.Build.0 = Debug|Any CPU
		{EB9030A5-4043-4301-985F-19B0B10DDED9}.Release|Any CPU.ActiveCfg = Release|Any CPU
		{EB9030A5-4043-4301-985F-19B0B10DDED9}.Release|Any CPU.Build.0 = Release|Any CPU
	EndGlobalSection
	GlobalSection(SolutionProperties) = preSolution
		HideSolutionNode = FALSE
	EndGlobalSection
	GlobalSection(ExtensibilityGlobals) = postSolution
		SolutionGuid = {F6762CE2-517A-410E-8039-9856901432A7}
	EndGlobalSection
EndGlobal
